
Microsoft Visual Studio Solution File, Format Version 12.00
# Visual Studio Version 16
VisualStudioVersion = 16.0.31205.134
MinimumVisualStudioVersion = 10.0.40219.1
Project("{FAE04EC0-301F-11D3-BF4B-00C04F79EFBC}") = "FactoryPatternSample", "FactoryPatternSample.csproj", "{48589B1E-A692-4B30-BD6C-4756EB4C45A8}"
EndProject
Project("{FAE04EC0-301F-11D3-BF4B-00C04F79EFBC}") = "RobotRDP", "..\RobotRDP\RobotRDP.csproj", "{0CFA5293-FB2C-4339-85B3-6F97A09496C2}"
EndProject
Project("{2150E333-8FDC-42A3-9474-1A3956D46DE8}") = "Solution Items", "Solution Items", "{6AD75282-FB91-4018-9094-D15B7CB61340}"
	ProjectSection(SolutionItems) = preProject
		.gitignore = .gitignore
	EndProjectSection
EndProject
Global
	GlobalSection(SolutionConfigurationPlatforms) = preSolution
		Debug|Any CPU = Debug|Any CPU
		Release|Any CPU = Release|Any CPU
	EndGlobalSection
	GlobalSection(ProjectConfigurationPlatforms) = postSolution
		{48589B1E-A692-4B30-BD6C-4756EB4C45A8}.Debug|Any CPU.ActiveCfg = Debug|Any CPU
		{48589B1E-A692-4B30-BD6C-4756EB4C45A8}.Debug|Any CPU.Build.0 = Debug|Any CPU
		{48589B1E-A692-4B30-BD6C-4756EB4C45A8}.Release|Any CPU.ActiveCfg = Release|Any CPU
		{48589B1E-A692-4B30-BD6C-4756EB4C45A8}.Release|Any CPU.Build.0 = Release|Any CPU
		{0CFA5293-FB2C-4339-85B3-6F97A09496C2}.Debug|Any CPU.ActiveCfg = Debug|Any CPU
		{0CFA5293-FB2C-4339-85B3-6F97A09496C2}.Debug|Any CPU.Build.0 = Debug|Any CPU
		{0CFA5293-FB2C-4339-85B3-6F97A09496C2}.Release|Any CPU.ActiveCfg = Release|Any CPU
		{0CFA5293-FB2C-4339-85B3-6F97A09496C2}.Release|Any CPU.Build.0 = Release|Any CPU
	EndGlobalSection
	GlobalSection(SolutionProperties) = preSolution
		HideSolutionNode = FALSE
	EndGlobalSection
	GlobalSection(ExtensibilityGlobals) = postSolution
		SolutionGuid = {57CC7C2D-B507-44FC-912F-86BE948929EA}
	EndGlobalSection
EndGlobal
